
Microsoft Visual Studio Solution File, Format Version 12.00
# Visual Studio Version 16
VisualStudioVersion = 16.0.31624.102
MinimumVisualStudioVersion = 10.0.40219.1
Project("{FAE04EC0-301F-11D3-BF4B-00C04F79EFBC}") = "PersonalityTest", "PersonalityTest\PersonalityTest.csproj", "{0646E62F-09C3-4C82-AE8A-EA5553921A97}"
EndProject
Project("{FAE04EC0-301F-11D3-BF4B-00C04F79EFBC}") = "PersonalityTestSwitch", "PersonalityTestSwitch\PersonalityTestSwitch.csproj", "{A2E110D8-8752-4D90-9A52-D234C8E596BC}"
EndProject
Project("{FAE04EC0-301F-11D3-BF4B-00C04F79EFBC}") = "GradingIf", "GradingIf\GradingIf.csproj", "{6133EB89-C926-471D-A237-7E88373DB256}"
EndProject
Project("{FAE04EC0-301F-11D3-BF4B-00C04F79EFBC}") = "GradingSwitch", "GradingSwitch\GradingSwitch.csproj", "{5594F4D6-963D-4C90-8C5D-3AF369038007}"
EndProject
Project("{FAE04EC0-301F-11D3-BF4B-00C04F79EFBC}") = "CatsAndDogs", "CatsAndDogs\CatsAndDogs.csproj", "{6A95C7A9-2EDE-4496-8E87-A1A2A71A3364}"
EndProject
Global
	GlobalSection(SolutionConfigurationPlatforms) = preSolution
		Debug|Any CPU = Debug|Any CPU
		Release|Any CPU = Release|Any CPU
	EndGlobalSection
	GlobalSection(ProjectConfigurationPlatforms) = postSolution
		{0646E62F-09C3-4C82-AE8A-EA5553921A97}.Debug|Any CPU.ActiveCfg = Debug|Any CPU
		{0646E62F-09C3-4C82-AE8A-EA5553921A97}.Debug|Any CPU.Build.0 = Debug|Any CPU
		{0646E62F-09C3-4C82-AE8A-EA5553921A97}.Release|Any CPU.ActiveCfg = Release|Any CPU
		{0646E62F-09C3-4C82-AE8A-EA5553921A97}.Release|Any CPU.Build.0 = Release|Any CPU
		{A2E110D8-8752-4D90-9A52-D234C8E596BC}.Debug|Any CPU.ActiveCfg = Debug|Any CPU
		{A2E110D8-8752-4D90-9A52-D234C8E596BC}.Debug|Any CPU.Build.0 = Debug|Any CPU
		{A2E110D8-8752-4D90-9A52-D234C8E596BC}.Release|Any CPU.ActiveCfg = Release|Any CPU
		{A2E110D8-8752-4D90-9A52-D234C8E596BC}.Release|Any CPU.Build.0 = Release|Any CPU
		{6133EB89-C926-471D-A237-7E88373DB256}.Debug|Any CPU.ActiveCfg = Debug|Any CPU
		{6133EB89-C926-471D-A237-7E88373DB256}.Debug|Any CPU.Build.0 = Debug|Any CPU
		{6133EB89-C926-471D-A237-7E88373DB256}.Release|Any CPU.ActiveCfg = Release|Any CPU
		{6133EB89-C926-471D-A237-7E88373DB256}.Release|Any CPU.Build.0 = Release|Any CPU
		{5594F4D6-963D-4C90-8C5D-3AF369038007}.Debug|Any CPU.ActiveCfg = Debug|Any CPU
		{5594F4D6-963D-4C90-8C5D-3AF369038007}.Debug|Any CPU.Build.0 = Debug|Any CPU
		{5594F4D6-963D-4C90-8C5D-3AF369038007}.Release|Any CPU.ActiveCfg = Release|Any CPU
		{5594F4D6-963D-4C90-8C5D-3AF369038007}.Release|Any CPU.Build.0 = Release|Any CPU
		{6A95C7A9-2EDE-4496-8E87-A1A2A71A3364}.Debug|Any CPU.ActiveCfg = Debug|Any CPU
		{6A95C7A9-2EDE-4496-8E87-A1A2A71A3364}.Debug|Any CPU.Build.0 = Debug|Any CPU
		{6A95C7A9-2EDE-4496-8E87-A1A2A71A3364}.Release|Any CPU.ActiveCfg = Release|Any CPU
		{6A95C7A9-2EDE-4496-8E87-A1A2A71A3364}.Release|Any CPU.Build.0 = Release|Any CPU
	EndGlobalSection
	GlobalSection(SolutionProperties) = preSolution
		HideSolutionNode = FALSE
	EndGlobalSection
	GlobalSection(ExtensibilityGlobals) = postSolution
		SolutionGuid = {262BE6CE-42A0-48A0-974B-541DDAB3495B}
	EndGlobalSection
EndGlobal
